
Microsoft Visual Studio Solution File, Format Version 12.00
Project("{FAE04EC0-301F-11D3-BF4B-00C04F79EFBC}") = "BecomeWoW", "BecomeWoW\BecomeWoW\BecomeWoW.csproj", "{D3C885A3-05A1-49AF-BA44-C3377198ADF1}"
EndProject
Project("{FAE04EC0-301F-11D3-BF4B-00C04F79EFBC}") = "ThrottlingNaive", "ThrottlingNaive\ThrottlingNaive.csproj", "{4A655058-0EAD-4F35-8435-14F5CA40CCFF}"
EndProject
Project("{FAE04EC0-301F-11D3-BF4B-00C04F79EFBC}") = "Throttling", "Throttling\Throttling.csproj", "{49614331-33B4-437F-BD0B-B4E143EAC7CB}"
EndProject
Project("{FAE04EC0-301F-11D3-BF4B-00C04F79EFBC}") = "Router", "Router\Router.csproj", "{6BCCBF9C-0FCF-4E1B-A394-89929DCD0D06}"
EndProject
Project("{FAE04EC0-301F-11D3-BF4B-00C04F79EFBC}") = "Middleware", "Middleware\Middleware.csproj", "{4BD1E213-0D3C-44E0-A12C-117C7778FA66}"
EndProject
Project("{FAE04EC0-301F-11D3-BF4B-00C04F79EFBC}") = "LimitConcurrency", "LimitConcurrency\LimitConcurrency.csproj", "{C6815A95-F225-4FBB-BA75-C6FFBDACCB8D}"
EndProject
Project("{FAE04EC0-301F-11D3-BF4B-00C04F79EFBC}") = "FanOutQuickestReply", "FanOutQuickestReply\FanOutQuickestReply.csproj", "{267AE0BF-450C-44D4-BB8C-A1264514919C}"
EndProject
Project("{FAE04EC0-301F-11D3-BF4B-00C04F79EFBC}") = "Messages", "Persistence\Messages\Messages.csproj", "{AB35FD46-C783-4A85-BF37-ACA036F4341B}"
EndProject
Project("{FAE04EC0-301F-11D3-BF4B-00C04F79EFBC}") = "Persistence", "Persistence\Persistence\Persistence.csproj", "{D56FF16C-9AC7-42B1-A294-49D2EA765024}"
EndProject
Project("{2150E333-8FDC-42A3-9474-1A3956D46DE8}") = "Persistence", "Persistence", "{9BB5AF45-E745-495A-910C-C950E7EEEA7F}"
EndProject
Global
	GlobalSection(SolutionConfigurationPlatforms) = preSolution
		Debug|Any CPU = Debug|Any CPU
		Release|Any CPU = Release|Any CPU
	EndGlobalSection
	GlobalSection(ProjectConfigurationPlatforms) = postSolution
		{D3C885A3-05A1-49AF-BA44-C3377198ADF1}.Debug|Any CPU.ActiveCfg = Debug|Any CPU
		{D3C885A3-05A1-49AF-BA44-C3377198ADF1}.Debug|Any CPU.Build.0 = Debug|Any CPU
		{D3C885A3-05A1-49AF-BA44-C3377198ADF1}.Release|Any CPU.ActiveCfg = Release|Any CPU
		{D3C885A3-05A1-49AF-BA44-C3377198ADF1}.Release|Any CPU.Build.0 = Release|Any CPU
		{4A655058-0EAD-4F35-8435-14F5CA40CCFF}.Debug|Any CPU.ActiveCfg = Debug|Any CPU
		{4A655058-0EAD-4F35-8435-14F5CA40CCFF}.Debug|Any CPU.Build.0 = Debug|Any CPU
		{4A655058-0EAD-4F35-8435-14F5CA40CCFF}.Release|Any CPU.ActiveCfg = Release|Any CPU
		{4A655058-0EAD-4F35-8435-14F5CA40CCFF}.Release|Any CPU.Build.0 = Release|Any CPU
		{49614331-33B4-437F-BD0B-B4E143EAC7CB}.Debug|Any CPU.ActiveCfg = Debug|Any CPU
		{49614331-33B4-437F-BD0B-B4E143EAC7CB}.Debug|Any CPU.Build.0 = Debug|Any CPU
		{49614331-33B4-437F-BD0B-B4E143EAC7CB}.Release|Any CPU.ActiveCfg = Release|Any CPU
		{49614331-33B4-437F-BD0B-B4E143EAC7CB}.Release|Any CPU.Build.0 = Release|Any CPU
		{6BCCBF9C-0FCF-4E1B-A394-89929DCD0D06}.Debug|Any CPU.ActiveCfg = Debug|Any CPU
		{6BCCBF9C-0FCF-4E1B-A394-89929DCD0D06}.Debug|Any CPU.Build.0 = Debug|Any CPU
		{6BCCBF9C-0FCF-4E1B-A394-89929DCD0D06}.Release|Any CPU.ActiveCfg = Release|Any CPU
		{6BCCBF9C-0FCF-4E1B-A394-89929DCD0D06}.Release|Any CPU.Build.0 = Release|Any CPU
		{4BD1E213-0D3C-44E0-A12C-117C7778FA66}.Debug|Any CPU.ActiveCfg = Debug|Any CPU
		{4BD1E213-0D3C-44E0-A12C-117C7778FA66}.Debug|Any CPU.Build.0 = Debug|Any CPU
		{4BD1E213-0D3C-44E0-A12C-117C7778FA66}.Release|Any CPU.ActiveCfg = Release|Any CPU
		{4BD1E213-0D3C-44E0-A12C-117C7778FA66}.Release|Any CPU.Build.0 = Release|Any CPU
		{C6815A95-F225-4FBB-BA75-C6FFBDACCB8D}.Debug|Any CPU.ActiveCfg = Debug|Any CPU
		{C6815A95-F225-4FBB-BA75-C6FFBDACCB8D}.Debug|Any CPU.Build.0 = Debug|Any CPU
		{C6815A95-F225-4FBB-BA75-C6FFBDACCB8D}.Release|Any CPU.ActiveCfg = Release|Any CPU
		{C6815A95-F225-4FBB-BA75-C6FFBDACCB8D}.Release|Any CPU.Build.0 = Release|Any CPU
		{267AE0BF-450C-44D4-BB8C-A1264514919C}.Debug|Any CPU.ActiveCfg = Debug|Any CPU
		{267AE0BF-450C-44D4-BB8C-A1264514919C}.Debug|Any CPU.Build.0 = Debug|Any CPU
		{267AE0BF-450C-44D4-BB8C-A1264514919C}.Release|Any CPU.ActiveCfg = Release|Any CPU
		{267AE0BF-450C-44D4-BB8C-A1264514919C}.Release|Any CPU.Build.0 = Release|Any CPU
		{AB35FD46-C783-4A85-BF37-ACA036F4341B}.Debug|Any CPU.ActiveCfg = Debug|Any CPU
		{AB35FD46-C783-4A85-BF37-ACA036F4341B}.Debug|Any CPU.Build.0 = Debug|Any CPU
		{AB35FD46-C783-4A85-BF37-ACA036F4341B}.Release|Any CPU.ActiveCfg = Release|Any CPU
		{AB35FD46-C783-4A85-BF37-ACA036F4341B}.Release|Any CPU.Build.0 = Release|Any CPU
		{D56FF16C-9AC7-42B1-A294-49D2EA765024}.Debug|Any CPU.ActiveCfg = Debug|Any CPU
		{D56FF16C-9AC7-42B1-A294-49D2EA765024}.Debug|Any CPU.Build.0 = Debug|Any CPU
		{D56FF16C-9AC7-42B1-A294-49D2EA765024}.Release|Any CPU.ActiveCfg = Release|Any CPU
		{D56FF16C-9AC7-42B1-A294-49D2EA765024}.Release|Any CPU.Build.0 = Release|Any CPU
	EndGlobalSection
	GlobalSection(NestedProjects) = preSolution
		{AB35FD46-C783-4A85-BF37-ACA036F4341B} = {9BB5AF45-E745-495A-910C-C950E7EEEA7F}
		{D56FF16C-9AC7-42B1-A294-49D2EA765024} = {9BB5AF45-E745-495A-910C-C950E7EEEA7F}
	EndGlobalSection
EndGlobal
