
Microsoft Visual Studio Solution File, Format Version 12.00
# Visual Studio 15
VisualStudioVersion = 15.0.26403.7
MinimumVisualStudioVersion = 10.0.40219.1
Project("{9A19103F-16F7-4668-BE54-9A1E7A4F7556}") = "Throttling", "Throttling\Throttling.csproj", "{311579CC-17BA-4421-BF6F-09DD6B4DCB98}"
EndProject
Project("{9A19103F-16F7-4668-BE54-9A1E7A4F7556}") = "ThrottlingNaive", "ThrottlingNaive\ThrottlingNaive.csproj", "{111A6DA6-C042-4296-96FD-66C1EA122F3A}"
EndProject
Project("{9A19103F-16F7-4668-BE54-9A1E7A4F7556}") = "LimitConcurrency", "LimitConcurrency\LimitConcurrency.csproj", "{5850EFF1-1A43-4803-9DA9-D2ECEA824532}"
EndProject
Project("{9A19103F-16F7-4668-BE54-9A1E7A4F7556}") = "FanOutQuickestReply", "FanOutQuickestReply\FanOutQuickestReply.csproj", "{E0B250E2-4781-4165-A79F-24CE702CA2AE}"
EndProject
Project("{FAE04EC0-301F-11D3-BF4B-00C04F79EFBC}") = "Supervision", "Supervision\Supervision.csproj", "{47A4CBB0-D09C-402C-969A-B76128075410}"
EndProject
Global
	GlobalSection(SolutionConfigurationPlatforms) = preSolution
		Debug|Any CPU = Debug|Any CPU
		Release|Any CPU = Release|Any CPU
	EndGlobalSection
	GlobalSection(ProjectConfigurationPlatforms) = postSolution
		{311579CC-17BA-4421-BF6F-09DD6B4DCB98}.Debug|Any CPU.ActiveCfg = Debug|Any CPU
		{311579CC-17BA-4421-BF6F-09DD6B4DCB98}.Debug|Any CPU.Build.0 = Debug|Any CPU
		{311579CC-17BA-4421-BF6F-09DD6B4DCB98}.Release|Any CPU.ActiveCfg = Release|Any CPU
		{311579CC-17BA-4421-BF6F-09DD6B4DCB98}.Release|Any CPU.Build.0 = Release|Any CPU
		{111A6DA6-C042-4296-96FD-66C1EA122F3A}.Debug|Any CPU.ActiveCfg = Debug|Any CPU
		{111A6DA6-C042-4296-96FD-66C1EA122F3A}.Debug|Any CPU.Build.0 = Debug|Any CPU
		{111A6DA6-C042-4296-96FD-66C1EA122F3A}.Release|Any CPU.ActiveCfg = Release|Any CPU
		{111A6DA6-C042-4296-96FD-66C1EA122F3A}.Release|Any CPU.Build.0 = Release|Any CPU
		{5850EFF1-1A43-4803-9DA9-D2ECEA824532}.Debug|Any CPU.ActiveCfg = Debug|Any CPU
		{5850EFF1-1A43-4803-9DA9-D2ECEA824532}.Debug|Any CPU.Build.0 = Debug|Any CPU
		{5850EFF1-1A43-4803-9DA9-D2ECEA824532}.Release|Any CPU.ActiveCfg = Release|Any CPU
		{5850EFF1-1A43-4803-9DA9-D2ECEA824532}.Release|Any CPU.Build.0 = Release|Any CPU
		{E0B250E2-4781-4165-A79F-24CE702CA2AE}.Debug|Any CPU.ActiveCfg = Debug|Any CPU
		{E0B250E2-4781-4165-A79F-24CE702CA2AE}.Debug|Any CPU.Build.0 = Debug|Any CPU
		{E0B250E2-4781-4165-A79F-24CE702CA2AE}.Release|Any CPU.ActiveCfg = Release|Any CPU
		{E0B250E2-4781-4165-A79F-24CE702CA2AE}.Release|Any CPU.Build.0 = Release|Any CPU
		{47A4CBB0-D09C-402C-969A-B76128075410}.Debug|Any CPU.ActiveCfg = Debug|Any CPU
		{47A4CBB0-D09C-402C-969A-B76128075410}.Debug|Any CPU.Build.0 = Debug|Any CPU
		{47A4CBB0-D09C-402C-969A-B76128075410}.Release|Any CPU.ActiveCfg = Release|Any CPU
		{47A4CBB0-D09C-402C-969A-B76128075410}.Release|Any CPU.Build.0 = Release|Any CPU
	EndGlobalSection
	GlobalSection(SolutionProperties) = preSolution
		HideSolutionNode = FALSE
	EndGlobalSection
EndGlobal
