
Microsoft Visual Studio Solution File, Format Version 12.00
Project("{FAE04EC0-301F-11D3-BF4B-00C04F79EFBC}") = "ServiceB", "ServiceB\ServiceB.csproj", "{6536E860-CC1F-46F1-AFCE-CF658BCE13CA}"
EndProject
Project("{FAE04EC0-301F-11D3-BF4B-00C04F79EFBC}") = "ServiceA", "ServiceA\ServiceA.csproj", "{0AEC2C26-62A1-46D8-83F6-2D9B813A43CB}"
EndProject
Global
	GlobalSection(SolutionConfigurationPlatforms) = preSolution
		Debug|Any CPU = Debug|Any CPU
		Release|Any CPU = Release|Any CPU
	EndGlobalSection
	GlobalSection(ProjectConfigurationPlatforms) = postSolution
		{6536E860-CC1F-46F1-AFCE-CF658BCE13CA}.Debug|Any CPU.ActiveCfg = Debug|Any CPU
		{6536E860-CC1F-46F1-AFCE-CF658BCE13CA}.Debug|Any CPU.Build.0 = Debug|Any CPU
		{6536E860-CC1F-46F1-AFCE-CF658BCE13CA}.Release|Any CPU.ActiveCfg = Release|Any CPU
		{6536E860-CC1F-46F1-AFCE-CF658BCE13CA}.Release|Any CPU.Build.0 = Release|Any CPU
		{0AEC2C26-62A1-46D8-83F6-2D9B813A43CB}.Debug|Any CPU.ActiveCfg = Debug|Any CPU
		{0AEC2C26-62A1-46D8-83F6-2D9B813A43CB}.Debug|Any CPU.Build.0 = Debug|Any CPU
		{0AEC2C26-62A1-46D8-83F6-2D9B813A43CB}.Release|Any CPU.ActiveCfg = Release|Any CPU
		{0AEC2C26-62A1-46D8-83F6-2D9B813A43CB}.Release|Any CPU.Build.0 = Release|Any CPU
	EndGlobalSection
EndGlobal
